
Microsoft Visual Studio Solution File, Format Version 12.00
# Visual Studio 14
VisualStudioVersion = 14.0.23107.0
MinimumVisualStudioVersion = 10.0.40219.1
Project("{FAE04EC0-301F-11D3-BF4B-00C04F79EFBC}") = "MusicSystem.Models", "MusicSystem.Models\MusicSystem.Models.csproj", "{073E9DDD-E4EA-450E-AF98-9C0F76DF801A}"
EndProject
Project("{FAE04EC0-301F-11D3-BF4B-00C04F79EFBC}") = "MusicSystem.Data", "MusicSystem.Data\MusicSystem.Data.csproj", "{C4846DDE-F354-4D8E-BF23-18BD690B52A2}"
EndProject
Project("{FAE04EC0-301F-11D3-BF4B-00C04F79EFBC}") = "MusicSystem.ConsoleClient", "MusicSystem.ConsoleClient\MusicSystem.ConsoleClient.csproj", "{A58110FF-3D18-484B-AEDA-6E91668D0405}"
EndProject
Project("{FAE04EC0-301F-11D3-BF4B-00C04F79EFBC}") = "MusicSystem.Web", "MusicSystem.Web\MusicSystem.Web.csproj", "{33E623AB-509F-4E05-BB82-F0690CD89647}"
EndProject
Global
	GlobalSection(SolutionConfigurationPlatforms) = preSolution
		Debug|Any CPU = Debug|Any CPU
		Release|Any CPU = Release|Any CPU
	EndGlobalSection
	GlobalSection(ProjectConfigurationPlatforms) = postSolution
		{073E9DDD-E4EA-450E-AF98-9C0F76DF801A}.Debug|Any CPU.ActiveCfg = Debug|Any CPU
		{073E9DDD-E4EA-450E-AF98-9C0F76DF801A}.Debug|Any CPU.Build.0 = Debug|Any CPU
		{073E9DDD-E4EA-450E-AF98-9C0F76DF801A}.Release|Any CPU.ActiveCfg = Release|Any CPU
		{073E9DDD-E4EA-450E-AF98-9C0F76DF801A}.Release|Any CPU.Build.0 = Release|Any CPU
		{C4846DDE-F354-4D8E-BF23-18BD690B52A2}.Debug|Any CPU.ActiveCfg = Debug|Any CPU
		{C4846DDE-F354-4D8E-BF23-18BD690B52A2}.Debug|Any CPU.Build.0 = Debug|Any CPU
		{C4846DDE-F354-4D8E-BF23-18BD690B52A2}.Release|Any CPU.ActiveCfg = Release|Any CPU
		{C4846DDE-F354-4D8E-BF23-18BD690B52A2}.Release|Any CPU.Build.0 = Release|Any CPU
		{A58110FF-3D18-484B-AEDA-6E91668D0405}.Debug|Any CPU.ActiveCfg = Debug|Any CPU
		{A58110FF-3D18-484B-AEDA-6E91668D0405}.Debug|Any CPU.Build.0 = Debug|Any CPU
		{A58110FF-3D18-484B-AEDA-6E91668D0405}.Release|Any CPU.ActiveCfg = Release|Any CPU
		{A58110FF-3D18-484B-AEDA-6E91668D0405}.Release|Any CPU.Build.0 = Release|Any CPU
		{33E623AB-509F-4E05-BB82-F0690CD89647}.Debug|Any CPU.ActiveCfg = Debug|Any CPU
		{33E623AB-509F-4E05-BB82-F0690CD89647}.Debug|Any CPU.Build.0 = Debug|Any CPU
		{33E623AB-509F-4E05-BB82-F0690CD89647}.Release|Any CPU.ActiveCfg = Release|Any CPU
		{33E623AB-509F-4E05-BB82-F0690CD89647}.Release|Any CPU.Build.0 = Release|Any CPU
	EndGlobalSection
	GlobalSection(SolutionProperties) = preSolution
		HideSolutionNode = FALSE
	EndGlobalSection
EndGlobal
