
Microsoft Visual Studio Solution File, Format Version 12.00
# Visual Studio 14
VisualStudioVersion = 14.0.23107.0
MinimumVisualStudioVersion = 10.0.40219.1
Project("{FAE04EC0-301F-11D3-BF4B-00C04F79EFBC}") = "ExtractAndSortStudents", "ExtractAndSortStudents\ExtractAndSortStudents.csproj", "{061FD778-6E37-434C-AC63-E9BAC9020465}"
EndProject
Project("{FAE04EC0-301F-11D3-BF4B-00C04F79EFBC}") = "TradeCompanyArticleDb", "TradeCompanyArticleDb\TradeCompanyArticleDb.csproj", "{5A31FD78-CFAB-4C8D-85C4-E738794B594D}"
EndProject
Global
	GlobalSection(SolutionConfigurationPlatforms) = preSolution
		Debug|Any CPU = Debug|Any CPU
		Release|Any CPU = Release|Any CPU
	EndGlobalSection
	GlobalSection(ProjectConfigurationPlatforms) = postSolution
		{061FD778-6E37-434C-AC63-E9BAC9020465}.Debug|Any CPU.ActiveCfg = Debug|Any CPU
		{061FD778-6E37-434C-AC63-E9BAC9020465}.Debug|Any CPU.Build.0 = Debug|Any CPU
		{061FD778-6E37-434C-AC63-E9BAC9020465}.Release|Any CPU.ActiveCfg = Release|Any CPU
		{061FD778-6E37-434C-AC63-E9BAC9020465}.Release|Any CPU.Build.0 = Release|Any CPU
		{5A31FD78-CFAB-4C8D-85C4-E738794B594D}.Debug|Any CPU.ActiveCfg = Debug|Any CPU
		{5A31FD78-CFAB-4C8D-85C4-E738794B594D}.Debug|Any CPU.Build.0 = Debug|Any CPU
		{5A31FD78-CFAB-4C8D-85C4-E738794B594D}.Release|Any CPU.ActiveCfg = Release|Any CPU
		{5A31FD78-CFAB-4C8D-85C4-E738794B594D}.Release|Any CPU.Build.0 = Release|Any CPU
	EndGlobalSection
	GlobalSection(SolutionProperties) = preSolution
		HideSolutionNode = FALSE
	EndGlobalSection
EndGlobal
