
Microsoft Visual Studio Solution File, Format Version 12.00
# Visual Studio 2013
VisualStudioVersion = 12.0.31101.0
MinimumVisualStudioVersion = 10.0.40219.1
Project("{FAE04EC0-301F-11D3-BF4B-00C04F79EFBC}") = "GenericClass", "GenericClass\GenericClass.csproj", "{44FD4C34-1DD5-4FBB-9088-F133A52CCDAC}"
EndProject
Project("{FAE04EC0-301F-11D3-BF4B-00C04F79EFBC}") = "PathOfPoints", "PathOfPoints\PathOfPoints.csproj", "{99727BE8-2435-426C-89FF-417986692D80}"
EndProject
Project("{FAE04EC0-301F-11D3-BF4B-00C04F79EFBC}") = "Matrix", "Matrix\Matrix.csproj", "{2AFA594D-CAD9-423F-BC29-EF6FF1FFCF83}"
EndProject
Project("{FAE04EC0-301F-11D3-BF4B-00C04F79EFBC}") = "VersionAttribute", "VersionAttribute\VersionAttribute.csproj", "{BC7F2A13-5684-4A75-BF32-75628DE447B2}"
EndProject
Global
	GlobalSection(SolutionConfigurationPlatforms) = preSolution
		Debug|Any CPU = Debug|Any CPU
		Release|Any CPU = Release|Any CPU
	EndGlobalSection
	GlobalSection(ProjectConfigurationPlatforms) = postSolution
		{44FD4C34-1DD5-4FBB-9088-F133A52CCDAC}.Debug|Any CPU.ActiveCfg = Debug|Any CPU
		{44FD4C34-1DD5-4FBB-9088-F133A52CCDAC}.Debug|Any CPU.Build.0 = Debug|Any CPU
		{44FD4C34-1DD5-4FBB-9088-F133A52CCDAC}.Release|Any CPU.ActiveCfg = Release|Any CPU
		{44FD4C34-1DD5-4FBB-9088-F133A52CCDAC}.Release|Any CPU.Build.0 = Release|Any CPU
		{99727BE8-2435-426C-89FF-417986692D80}.Debug|Any CPU.ActiveCfg = Debug|Any CPU
		{99727BE8-2435-426C-89FF-417986692D80}.Debug|Any CPU.Build.0 = Debug|Any CPU
		{99727BE8-2435-426C-89FF-417986692D80}.Release|Any CPU.ActiveCfg = Release|Any CPU
		{99727BE8-2435-426C-89FF-417986692D80}.Release|Any CPU.Build.0 = Release|Any CPU
		{2AFA594D-CAD9-423F-BC29-EF6FF1FFCF83}.Debug|Any CPU.ActiveCfg = Debug|Any CPU
		{2AFA594D-CAD9-423F-BC29-EF6FF1FFCF83}.Debug|Any CPU.Build.0 = Debug|Any CPU
		{2AFA594D-CAD9-423F-BC29-EF6FF1FFCF83}.Release|Any CPU.ActiveCfg = Release|Any CPU
		{2AFA594D-CAD9-423F-BC29-EF6FF1FFCF83}.Release|Any CPU.Build.0 = Release|Any CPU
		{BC7F2A13-5684-4A75-BF32-75628DE447B2}.Debug|Any CPU.ActiveCfg = Debug|Any CPU
		{BC7F2A13-5684-4A75-BF32-75628DE447B2}.Debug|Any CPU.Build.0 = Debug|Any CPU
		{BC7F2A13-5684-4A75-BF32-75628DE447B2}.Release|Any CPU.ActiveCfg = Release|Any CPU
		{BC7F2A13-5684-4A75-BF32-75628DE447B2}.Release|Any CPU.Build.0 = Release|Any CPU
	EndGlobalSection
	GlobalSection(SolutionProperties) = preSolution
		HideSolutionNode = FALSE
	EndGlobalSection
EndGlobal
