
Microsoft Visual Studio Solution File, Format Version 12.00
# Visual Studio 14
VisualStudioVersion = 14.0.23107.0
MinimumVisualStudioVersion = 10.0.40219.1
Project("{FAE04EC0-301F-11D3-BF4B-00C04F79EFBC}") = "NorthwindDatabaseManipulator.Data", "NorthwindDatabaseManipulator.Data\NorthwindDatabaseManipulator.Data.csproj", "{94EA88F7-E7C4-4E13-9F18-C32CD7AB7195}"
EndProject
Project("{FAE04EC0-301F-11D3-BF4B-00C04F79EFBC}") = "NorthwindDatabaseManipulator.Manipulator", "NorthwindDatabaseManipulator.Manipulator\NorthwindDatabaseManipulator.Manipulator.csproj", "{3C9C6F98-A9CB-4602-BABD-AA5ECAEB4133}"
EndProject
Global
	GlobalSection(SolutionConfigurationPlatforms) = preSolution
		Debug|Any CPU = Debug|Any CPU
		Release|Any CPU = Release|Any CPU
	EndGlobalSection
	GlobalSection(ProjectConfigurationPlatforms) = postSolution
		{94EA88F7-E7C4-4E13-9F18-C32CD7AB7195}.Debug|Any CPU.ActiveCfg = Debug|Any CPU
		{94EA88F7-E7C4-4E13-9F18-C32CD7AB7195}.Debug|Any CPU.Build.0 = Debug|Any CPU
		{94EA88F7-E7C4-4E13-9F18-C32CD7AB7195}.Release|Any CPU.ActiveCfg = Release|Any CPU
		{94EA88F7-E7C4-4E13-9F18-C32CD7AB7195}.Release|Any CPU.Build.0 = Release|Any CPU
		{3C9C6F98-A9CB-4602-BABD-AA5ECAEB4133}.Debug|Any CPU.ActiveCfg = Debug|Any CPU
		{3C9C6F98-A9CB-4602-BABD-AA5ECAEB4133}.Debug|Any CPU.Build.0 = Debug|Any CPU
		{3C9C6F98-A9CB-4602-BABD-AA5ECAEB4133}.Release|Any CPU.ActiveCfg = Release|Any CPU
		{3C9C6F98-A9CB-4602-BABD-AA5ECAEB4133}.Release|Any CPU.Build.0 = Release|Any CPU
	EndGlobalSection
	GlobalSection(SolutionProperties) = preSolution
		HideSolutionNode = FALSE
	EndGlobalSection
EndGlobal
