
Microsoft Visual Studio Solution File, Format Version 12.00
# Visual Studio 14
VisualStudioVersion = 14.0.24720.0
MinimumVisualStudioVersion = 10.0.40219.1
Project("{FAE04EC0-301F-11D3-BF4B-00C04F79EFBC}") = "BrowserType", "BrowserType\BrowserType.csproj", "{46206F66-240E-4380-B388-6FD371595303}"
EndProject
Project("{FAE04EC0-301F-11D3-BF4B-00C04F79EFBC}") = "Session", "Session\Session.csproj", "{D7E42502-502D-4002-AAF6-DC2A3CB9BEAF}"
EndProject
Project("{FAE04EC0-301F-11D3-BF4B-00C04F79EFBC}") = "CookiesWithTwoPages", "CookiesWithTwoPages\CookiesWithTwoPages.csproj", "{61640D7E-5586-42EB-9493-2B49E4E6C027}"
EndProject
Global
	GlobalSection(SolutionConfigurationPlatforms) = preSolution
		Debug|Any CPU = Debug|Any CPU
		Release|Any CPU = Release|Any CPU
	EndGlobalSection
	GlobalSection(ProjectConfigurationPlatforms) = postSolution
		{46206F66-240E-4380-B388-6FD371595303}.Debug|Any CPU.ActiveCfg = Debug|Any CPU
		{46206F66-240E-4380-B388-6FD371595303}.Debug|Any CPU.Build.0 = Debug|Any CPU
		{46206F66-240E-4380-B388-6FD371595303}.Release|Any CPU.ActiveCfg = Release|Any CPU
		{46206F66-240E-4380-B388-6FD371595303}.Release|Any CPU.Build.0 = Release|Any CPU
		{D7E42502-502D-4002-AAF6-DC2A3CB9BEAF}.Debug|Any CPU.ActiveCfg = Debug|Any CPU
		{D7E42502-502D-4002-AAF6-DC2A3CB9BEAF}.Debug|Any CPU.Build.0 = Debug|Any CPU
		{D7E42502-502D-4002-AAF6-DC2A3CB9BEAF}.Release|Any CPU.ActiveCfg = Release|Any CPU
		{D7E42502-502D-4002-AAF6-DC2A3CB9BEAF}.Release|Any CPU.Build.0 = Release|Any CPU
		{61640D7E-5586-42EB-9493-2B49E4E6C027}.Debug|Any CPU.ActiveCfg = Debug|Any CPU
		{61640D7E-5586-42EB-9493-2B49E4E6C027}.Debug|Any CPU.Build.0 = Debug|Any CPU
		{61640D7E-5586-42EB-9493-2B49E4E6C027}.Release|Any CPU.ActiveCfg = Release|Any CPU
		{61640D7E-5586-42EB-9493-2B49E4E6C027}.Release|Any CPU.Build.0 = Release|Any CPU
	EndGlobalSection
	GlobalSection(SolutionProperties) = preSolution
		HideSolutionNode = FALSE
	EndGlobalSection
EndGlobal
