
Microsoft Visual Studio Solution File, Format Version 12.00
# Visual Studio 2013
VisualStudioVersion = 12.0.31101.0
MinimumVisualStudioVersion = 10.0.40219.1
Project("{FAE04EC0-301F-11D3-BF4B-00C04F79EFBC}") = "Shapes", "Shapes\Shapes.csproj", "{5E3E8F39-7ABF-4799-BB27-3BB19FB50FB3}"
EndProject
Project("{FAE04EC0-301F-11D3-BF4B-00C04F79EFBC}") = "BankAccounts", "BankAccounts\BankAccounts.csproj", "{23377074-339C-434E-977F-504C5B205F10}"
EndProject
Project("{FAE04EC0-301F-11D3-BF4B-00C04F79EFBC}") = "RangeExceptions", "RangeExceptions\RangeExceptions.csproj", "{62F754B4-D0E5-4722-8874-BCF65329FA19}"
EndProject
Global
	GlobalSection(SolutionConfigurationPlatforms) = preSolution
		Debug|Any CPU = Debug|Any CPU
		Release|Any CPU = Release|Any CPU
	EndGlobalSection
	GlobalSection(ProjectConfigurationPlatforms) = postSolution
		{5E3E8F39-7ABF-4799-BB27-3BB19FB50FB3}.Debug|Any CPU.ActiveCfg = Debug|Any CPU
		{5E3E8F39-7ABF-4799-BB27-3BB19FB50FB3}.Debug|Any CPU.Build.0 = Debug|Any CPU
		{5E3E8F39-7ABF-4799-BB27-3BB19FB50FB3}.Release|Any CPU.ActiveCfg = Release|Any CPU
		{5E3E8F39-7ABF-4799-BB27-3BB19FB50FB3}.Release|Any CPU.Build.0 = Release|Any CPU
		{23377074-339C-434E-977F-504C5B205F10}.Debug|Any CPU.ActiveCfg = Debug|Any CPU
		{23377074-339C-434E-977F-504C5B205F10}.Debug|Any CPU.Build.0 = Debug|Any CPU
		{23377074-339C-434E-977F-504C5B205F10}.Release|Any CPU.ActiveCfg = Release|Any CPU
		{23377074-339C-434E-977F-504C5B205F10}.Release|Any CPU.Build.0 = Release|Any CPU
		{62F754B4-D0E5-4722-8874-BCF65329FA19}.Debug|Any CPU.ActiveCfg = Debug|Any CPU
		{62F754B4-D0E5-4722-8874-BCF65329FA19}.Debug|Any CPU.Build.0 = Debug|Any CPU
		{62F754B4-D0E5-4722-8874-BCF65329FA19}.Release|Any CPU.ActiveCfg = Release|Any CPU
		{62F754B4-D0E5-4722-8874-BCF65329FA19}.Release|Any CPU.Build.0 = Release|Any CPU
	EndGlobalSection
	GlobalSection(SolutionProperties) = preSolution
		HideSolutionNode = FALSE
	EndGlobalSection
EndGlobal
