
Microsoft Visual Studio Solution File, Format Version 12.00
# Visual Studio 14
VisualStudioVersion = 14.0.23107.0
MinimumVisualStudioVersion = 10.0.40219.1
Project("{FAE04EC0-301F-11D3-BF4B-00C04F79EFBC}") = "BinaryTrees", "BinaryTrees\BinaryTrees.csproj", "{CB279E0F-B3D6-4B64-BE0E-B27CED9EA62D}"
EndProject
Project("{FAE04EC0-301F-11D3-BF4B-00C04F79EFBC}") = "Songs", "Songs\Songs.csproj", "{EB338FFC-3952-40A9-B003-EE1814A77ABA}"
EndProject
Project("{FAE04EC0-301F-11D3-BF4B-00C04F79EFBC}") = "Presicion", "Presicion\Presicion.csproj", "{56F1071D-7BEA-4C3B-BA28-15BE7B7789B1}"
EndProject
Global
	GlobalSection(SolutionConfigurationPlatforms) = preSolution
		Debug|Any CPU = Debug|Any CPU
		Release|Any CPU = Release|Any CPU
	EndGlobalSection
	GlobalSection(ProjectConfigurationPlatforms) = postSolution
		{CB279E0F-B3D6-4B64-BE0E-B27CED9EA62D}.Debug|Any CPU.ActiveCfg = Debug|Any CPU
		{CB279E0F-B3D6-4B64-BE0E-B27CED9EA62D}.Debug|Any CPU.Build.0 = Debug|Any CPU
		{CB279E0F-B3D6-4B64-BE0E-B27CED9EA62D}.Release|Any CPU.ActiveCfg = Release|Any CPU
		{CB279E0F-B3D6-4B64-BE0E-B27CED9EA62D}.Release|Any CPU.Build.0 = Release|Any CPU
		{EB338FFC-3952-40A9-B003-EE1814A77ABA}.Debug|Any CPU.ActiveCfg = Debug|Any CPU
		{EB338FFC-3952-40A9-B003-EE1814A77ABA}.Debug|Any CPU.Build.0 = Debug|Any CPU
		{EB338FFC-3952-40A9-B003-EE1814A77ABA}.Release|Any CPU.ActiveCfg = Release|Any CPU
		{EB338FFC-3952-40A9-B003-EE1814A77ABA}.Release|Any CPU.Build.0 = Release|Any CPU
		{56F1071D-7BEA-4C3B-BA28-15BE7B7789B1}.Debug|Any CPU.ActiveCfg = Debug|Any CPU
		{56F1071D-7BEA-4C3B-BA28-15BE7B7789B1}.Debug|Any CPU.Build.0 = Debug|Any CPU
		{56F1071D-7BEA-4C3B-BA28-15BE7B7789B1}.Release|Any CPU.ActiveCfg = Release|Any CPU
		{56F1071D-7BEA-4C3B-BA28-15BE7B7789B1}.Release|Any CPU.Build.0 = Release|Any CPU
	EndGlobalSection
	GlobalSection(SolutionProperties) = preSolution
		HideSolutionNode = FALSE
	EndGlobalSection
EndGlobal
