
Microsoft Visual Studio Solution File, Format Version 12.00
# Visual Studio 2013
VisualStudioVersion = 12.0.31101.0
MinimumVisualStudioVersion = 10.0.40219.1
Project("{FAE04EC0-301F-11D3-BF4B-00C04F79EFBC}") = "01.AllocateArray", "AllocateArray\01.AllocateArray.csproj", "{257BF632-36A5-4B60-8F65-8C6BA782B01D}"
EndProject
Project("{FAE04EC0-301F-11D3-BF4B-00C04F79EFBC}") = "02.CompareArrays", "CompareArrays\02.CompareArrays.csproj", "{814EE878-EEF0-4DD0-940A-4B593C53D5DD}"
EndProject
Project("{FAE04EC0-301F-11D3-BF4B-00C04F79EFBC}") = "03.CompareCharArrays", "CompareCharArrays\03.CompareCharArrays.csproj", "{BAB8F7DF-3FE7-406A-9062-CC271AA55199}"
EndProject
Project("{FAE04EC0-301F-11D3-BF4B-00C04F79EFBC}") = "04.MaximalSequence", "MaximalSequence\04.MaximalSequence.csproj", "{B6451234-549F-4D01-B447-659F881C85F8}"
EndProject
Project("{FAE04EC0-301F-11D3-BF4B-00C04F79EFBC}") = "05.MaximalIncreasinSequence", "MaximalIncreasinSequence\05.MaximalIncreasinSequence.csproj", "{E6F3A93B-AC51-4DC5-AA4F-94C857D51D93}"
EndProject
Project("{FAE04EC0-301F-11D3-BF4B-00C04F79EFBC}") = "06.MaximalKSum", "MaximalKSum\06.MaximalKSum.csproj", "{3F996F89-A46A-4744-9321-4E59AD00F1C3}"
EndProject
Project("{FAE04EC0-301F-11D3-BF4B-00C04F79EFBC}") = "07.SelectionSort", "SelectionSort\07.SelectionSort.csproj", "{F27C2AF0-ACD4-4A9B-BE29-A8D15FB956F2}"
EndProject
Project("{FAE04EC0-301F-11D3-BF4B-00C04F79EFBC}") = "08.MaximalSum", "MaximalSum\08.MaximalSum.csproj", "{79518144-3FF2-4C0E-96A9-90386CD0DEAD}"
EndProject
Project("{FAE04EC0-301F-11D3-BF4B-00C04F79EFBC}") = "09.FrequentNumber", "FrequentNumber\09.FrequentNumber.csproj", "{9BEB6E33-4C3E-482B-B394-4D61ED73C596}"
EndProject
Project("{FAE04EC0-301F-11D3-BF4B-00C04F79EFBC}") = "10.FindSumInArray", "FindSumInArray\10.FindSumInArray.csproj", "{9EA5268F-DD56-4230-9843-FB8811655E7A}"
EndProject
Project("{FAE04EC0-301F-11D3-BF4B-00C04F79EFBC}") = "11.BinarySearch", "BinarySearch\11.BinarySearch.csproj", "{CA4BEBF3-BE31-4E4C-B01D-A7E5338E5934}"
EndProject
Project("{FAE04EC0-301F-11D3-BF4B-00C04F79EFBC}") = "12.IndexOfLetters", "IndexOfLetters\12.IndexOfLetters.csproj", "{02B54831-A03A-4652-9439-DA6183D5364A}"
EndProject
Project("{FAE04EC0-301F-11D3-BF4B-00C04F79EFBC}") = "13.MergeSort", "MergeSort\13.MergeSort.csproj", "{2E13D0C5-0C3E-4599-A106-38C4EB3E5B37}"
EndProject
Project("{FAE04EC0-301F-11D3-BF4B-00C04F79EFBC}") = "14.QuickSort", "QuickSort\14.QuickSort.csproj", "{4112BD7C-6227-49FA-B8FE-704DD6982909}"
EndProject
Project("{FAE04EC0-301F-11D3-BF4B-00C04F79EFBC}") = "15.PrimeNumbers", "PrimeNumbers\15.PrimeNumbers.csproj", "{D43074D6-F768-4D69-AD39-4B9106B296C5}"
EndProject
Project("{FAE04EC0-301F-11D3-BF4B-00C04F79EFBC}") = "16.SubsetWithSumS", "SubsetWithSumS\16.SubsetWithSumS.csproj", "{A1F05518-8439-40B7-AF7B-79E1DD51F971}"
EndProject
Project("{FAE04EC0-301F-11D3-BF4B-00C04F79EFBC}") = "17.SubsetKWithSumS", "SubsetKWithSumS\17.SubsetKWithSumS.csproj", "{63A6D3BA-4B4C-4850-A06E-B1BB160FF258}"
EndProject
Project("{FAE04EC0-301F-11D3-BF4B-00C04F79EFBC}") = "18.RemoveElementFromArray", "RemoveElementFromArray\18.RemoveElementFromArray.csproj", "{9E992A5A-D70B-4E3D-9709-A31F8F9474C7}"
EndProject
Project("{FAE04EC0-301F-11D3-BF4B-00C04F79EFBC}") = "19.PermutationsOfSet", "PermutationsOfSet\19.PermutationsOfSet.csproj", "{A9E8BFC9-DE79-40F1-99C1-C1DC2456E623}"
EndProject
Project("{FAE04EC0-301F-11D3-BF4B-00C04F79EFBC}") = "20.VariationOfSet", "VariationOfSet\20.VariationOfSet.csproj", "{BB069E5A-5A97-42DD-9359-D299324F6F70}"
EndProject
Project("{FAE04EC0-301F-11D3-BF4B-00C04F79EFBC}") = "21.CombinationOfSet", "CombinationOfSet\21.CombinationOfSet.csproj", "{21219CF2-5598-4FAE-8D41-FF57833C0C5D}"
EndProject
Global
	GlobalSection(SolutionConfigurationPlatforms) = preSolution
		Debug|Any CPU = Debug|Any CPU
		Release|Any CPU = Release|Any CPU
	EndGlobalSection
	GlobalSection(ProjectConfigurationPlatforms) = postSolution
		{257BF632-36A5-4B60-8F65-8C6BA782B01D}.Debug|Any CPU.ActiveCfg = Debug|Any CPU
		{257BF632-36A5-4B60-8F65-8C6BA782B01D}.Debug|Any CPU.Build.0 = Debug|Any CPU
		{257BF632-36A5-4B60-8F65-8C6BA782B01D}.Release|Any CPU.ActiveCfg = Release|Any CPU
		{257BF632-36A5-4B60-8F65-8C6BA782B01D}.Release|Any CPU.Build.0 = Release|Any CPU
		{814EE878-EEF0-4DD0-940A-4B593C53D5DD}.Debug|Any CPU.ActiveCfg = Debug|Any CPU
		{814EE878-EEF0-4DD0-940A-4B593C53D5DD}.Debug|Any CPU.Build.0 = Debug|Any CPU
		{814EE878-EEF0-4DD0-940A-4B593C53D5DD}.Release|Any CPU.ActiveCfg = Release|Any CPU
		{814EE878-EEF0-4DD0-940A-4B593C53D5DD}.Release|Any CPU.Build.0 = Release|Any CPU
		{BAB8F7DF-3FE7-406A-9062-CC271AA55199}.Debug|Any CPU.ActiveCfg = Debug|Any CPU
		{BAB8F7DF-3FE7-406A-9062-CC271AA55199}.Debug|Any CPU.Build.0 = Debug|Any CPU
		{BAB8F7DF-3FE7-406A-9062-CC271AA55199}.Release|Any CPU.ActiveCfg = Release|Any CPU
		{BAB8F7DF-3FE7-406A-9062-CC271AA55199}.Release|Any CPU.Build.0 = Release|Any CPU
		{B6451234-549F-4D01-B447-659F881C85F8}.Debug|Any CPU.ActiveCfg = Debug|Any CPU
		{B6451234-549F-4D01-B447-659F881C85F8}.Debug|Any CPU.Build.0 = Debug|Any CPU
		{B6451234-549F-4D01-B447-659F881C85F8}.Release|Any CPU.ActiveCfg = Release|Any CPU
		{B6451234-549F-4D01-B447-659F881C85F8}.Release|Any CPU.Build.0 = Release|Any CPU
		{E6F3A93B-AC51-4DC5-AA4F-94C857D51D93}.Debug|Any CPU.ActiveCfg = Debug|Any CPU
		{E6F3A93B-AC51-4DC5-AA4F-94C857D51D93}.Debug|Any CPU.Build.0 = Debug|Any CPU
		{E6F3A93B-AC51-4DC5-AA4F-94C857D51D93}.Release|Any CPU.ActiveCfg = Release|Any CPU
		{E6F3A93B-AC51-4DC5-AA4F-94C857D51D93}.Release|Any CPU.Build.0 = Release|Any CPU
		{3F996F89-A46A-4744-9321-4E59AD00F1C3}.Debug|Any CPU.ActiveCfg = Debug|Any CPU
		{3F996F89-A46A-4744-9321-4E59AD00F1C3}.Debug|Any CPU.Build.0 = Debug|Any CPU
		{3F996F89-A46A-4744-9321-4E59AD00F1C3}.Release|Any CPU.ActiveCfg = Release|Any CPU
		{3F996F89-A46A-4744-9321-4E59AD00F1C3}.Release|Any CPU.Build.0 = Release|Any CPU
		{F27C2AF0-ACD4-4A9B-BE29-A8D15FB956F2}.Debug|Any CPU.ActiveCfg = Debug|Any CPU
		{F27C2AF0-ACD4-4A9B-BE29-A8D15FB956F2}.Debug|Any CPU.Build.0 = Debug|Any CPU
		{F27C2AF0-ACD4-4A9B-BE29-A8D15FB956F2}.Release|Any CPU.ActiveCfg = Release|Any CPU
		{F27C2AF0-ACD4-4A9B-BE29-A8D15FB956F2}.Release|Any CPU.Build.0 = Release|Any CPU
		{79518144-3FF2-4C0E-96A9-90386CD0DEAD}.Debug|Any CPU.ActiveCfg = Debug|Any CPU
		{79518144-3FF2-4C0E-96A9-90386CD0DEAD}.Debug|Any CPU.Build.0 = Debug|Any CPU
		{79518144-3FF2-4C0E-96A9-90386CD0DEAD}.Release|Any CPU.ActiveCfg = Release|Any CPU
		{79518144-3FF2-4C0E-96A9-90386CD0DEAD}.Release|Any CPU.Build.0 = Release|Any CPU
		{9BEB6E33-4C3E-482B-B394-4D61ED73C596}.Debug|Any CPU.ActiveCfg = Debug|Any CPU
		{9BEB6E33-4C3E-482B-B394-4D61ED73C596}.Debug|Any CPU.Build.0 = Debug|Any CPU
		{9BEB6E33-4C3E-482B-B394-4D61ED73C596}.Release|Any CPU.ActiveCfg = Release|Any CPU
		{9BEB6E33-4C3E-482B-B394-4D61ED73C596}.Release|Any CPU.Build.0 = Release|Any CPU
		{9EA5268F-DD56-4230-9843-FB8811655E7A}.Debug|Any CPU.ActiveCfg = Debug|Any CPU
		{9EA5268F-DD56-4230-9843-FB8811655E7A}.Debug|Any CPU.Build.0 = Debug|Any CPU
		{9EA5268F-DD56-4230-9843-FB8811655E7A}.Release|Any CPU.ActiveCfg = Release|Any CPU
		{9EA5268F-DD56-4230-9843-FB8811655E7A}.Release|Any CPU.Build.0 = Release|Any CPU
		{CA4BEBF3-BE31-4E4C-B01D-A7E5338E5934}.Debug|Any CPU.ActiveCfg = Debug|Any CPU
		{CA4BEBF3-BE31-4E4C-B01D-A7E5338E5934}.Debug|Any CPU.Build.0 = Debug|Any CPU
		{CA4BEBF3-BE31-4E4C-B01D-A7E5338E5934}.Release|Any CPU.ActiveCfg = Release|Any CPU
		{CA4BEBF3-BE31-4E4C-B01D-A7E5338E5934}.Release|Any CPU.Build.0 = Release|Any CPU
		{02B54831-A03A-4652-9439-DA6183D5364A}.Debug|Any CPU.ActiveCfg = Debug|Any CPU
		{02B54831-A03A-4652-9439-DA6183D5364A}.Debug|Any CPU.Build.0 = Debug|Any CPU
		{02B54831-A03A-4652-9439-DA6183D5364A}.Release|Any CPU.ActiveCfg = Release|Any CPU
		{02B54831-A03A-4652-9439-DA6183D5364A}.Release|Any CPU.Build.0 = Release|Any CPU
		{2E13D0C5-0C3E-4599-A106-38C4EB3E5B37}.Debug|Any CPU.ActiveCfg = Debug|Any CPU
		{2E13D0C5-0C3E-4599-A106-38C4EB3E5B37}.Debug|Any CPU.Build.0 = Debug|Any CPU
		{2E13D0C5-0C3E-4599-A106-38C4EB3E5B37}.Release|Any CPU.ActiveCfg = Release|Any CPU
		{2E13D0C5-0C3E-4599-A106-38C4EB3E5B37}.Release|Any CPU.Build.0 = Release|Any CPU
		{4112BD7C-6227-49FA-B8FE-704DD6982909}.Debug|Any CPU.ActiveCfg = Debug|Any CPU
		{4112BD7C-6227-49FA-B8FE-704DD6982909}.Debug|Any CPU.Build.0 = Debug|Any CPU
		{4112BD7C-6227-49FA-B8FE-704DD6982909}.Release|Any CPU.ActiveCfg = Release|Any CPU
		{4112BD7C-6227-49FA-B8FE-704DD6982909}.Release|Any CPU.Build.0 = Release|Any CPU
		{D43074D6-F768-4D69-AD39-4B9106B296C5}.Debug|Any CPU.ActiveCfg = Debug|Any CPU
		{D43074D6-F768-4D69-AD39-4B9106B296C5}.Debug|Any CPU.Build.0 = Debug|Any CPU
		{D43074D6-F768-4D69-AD39-4B9106B296C5}.Release|Any CPU.ActiveCfg = Release|Any CPU
		{D43074D6-F768-4D69-AD39-4B9106B296C5}.Release|Any CPU.Build.0 = Release|Any CPU
		{A1F05518-8439-40B7-AF7B-79E1DD51F971}.Debug|Any CPU.ActiveCfg = Debug|Any CPU
		{A1F05518-8439-40B7-AF7B-79E1DD51F971}.Debug|Any CPU.Build.0 = Debug|Any CPU
		{A1F05518-8439-40B7-AF7B-79E1DD51F971}.Release|Any CPU.ActiveCfg = Release|Any CPU
		{A1F05518-8439-40B7-AF7B-79E1DD51F971}.Release|Any CPU.Build.0 = Release|Any CPU
		{63A6D3BA-4B4C-4850-A06E-B1BB160FF258}.Debug|Any CPU.ActiveCfg = Debug|Any CPU
		{63A6D3BA-4B4C-4850-A06E-B1BB160FF258}.Debug|Any CPU.Build.0 = Debug|Any CPU
		{63A6D3BA-4B4C-4850-A06E-B1BB160FF258}.Release|Any CPU.ActiveCfg = Release|Any CPU
		{63A6D3BA-4B4C-4850-A06E-B1BB160FF258}.Release|Any CPU.Build.0 = Release|Any CPU
		{9E992A5A-D70B-4E3D-9709-A31F8F9474C7}.Debug|Any CPU.ActiveCfg = Debug|Any CPU
		{9E992A5A-D70B-4E3D-9709-A31F8F9474C7}.Debug|Any CPU.Build.0 = Debug|Any CPU
		{9E992A5A-D70B-4E3D-9709-A31F8F9474C7}.Release|Any CPU.ActiveCfg = Release|Any CPU
		{9E992A5A-D70B-4E3D-9709-A31F8F9474C7}.Release|Any CPU.Build.0 = Release|Any CPU
		{A9E8BFC9-DE79-40F1-99C1-C1DC2456E623}.Debug|Any CPU.ActiveCfg = Debug|Any CPU
		{A9E8BFC9-DE79-40F1-99C1-C1DC2456E623}.Debug|Any CPU.Build.0 = Debug|Any CPU
		{A9E8BFC9-DE79-40F1-99C1-C1DC2456E623}.Release|Any CPU.ActiveCfg = Release|Any CPU
		{A9E8BFC9-DE79-40F1-99C1-C1DC2456E623}.Release|Any CPU.Build.0 = Release|Any CPU
		{BB069E5A-5A97-42DD-9359-D299324F6F70}.Debug|Any CPU.ActiveCfg = Debug|Any CPU
		{BB069E5A-5A97-42DD-9359-D299324F6F70}.Debug|Any CPU.Build.0 = Debug|Any CPU
		{BB069E5A-5A97-42DD-9359-D299324F6F70}.Release|Any CPU.ActiveCfg = Release|Any CPU
		{BB069E5A-5A97-42DD-9359-D299324F6F70}.Release|Any CPU.Build.0 = Release|Any CPU
		{21219CF2-5598-4FAE-8D41-FF57833C0C5D}.Debug|Any CPU.ActiveCfg = Debug|Any CPU
		{21219CF2-5598-4FAE-8D41-FF57833C0C5D}.Debug|Any CPU.Build.0 = Debug|Any CPU
		{21219CF2-5598-4FAE-8D41-FF57833C0C5D}.Release|Any CPU.ActiveCfg = Release|Any CPU
		{21219CF2-5598-4FAE-8D41-FF57833C0C5D}.Release|Any CPU.Build.0 = Release|Any CPU
	EndGlobalSection
	GlobalSection(SolutionProperties) = preSolution
		HideSolutionNode = FALSE
	EndGlobalSection
EndGlobal
