
Microsoft Visual Studio Solution File, Format Version 12.00
# Visual Studio 14
VisualStudioVersion = 14.0.23107.0
MinimumVisualStudioVersion = 10.0.40219.1
Project("{FAE04EC0-301F-11D3-BF4B-00C04F79EFBC}") = "FriendsOfPesho", "FriendsOfPesho\FriendsOfPesho.csproj", "{7D8ED410-7E3E-402E-AE37-2CD0E65B4687}"
EndProject
Project("{FAE04EC0-301F-11D3-BF4B-00C04F79EFBC}") = "TVCompany", "TVCompany\TVCompany.csproj", "{8A6CC23B-7BEB-429B-8D11-DFA6BC745724}"
EndProject
Project("{FAE04EC0-301F-11D3-BF4B-00C04F79EFBC}") = "Salaries", "Salaries\Salaries.csproj", "{BE486199-63A4-4EDF-AA6F-AA4D20E0807C}"
EndProject
Global
	GlobalSection(SolutionConfigurationPlatforms) = preSolution
		Debug|Any CPU = Debug|Any CPU
		Release|Any CPU = Release|Any CPU
	EndGlobalSection
	GlobalSection(ProjectConfigurationPlatforms) = postSolution
		{7D8ED410-7E3E-402E-AE37-2CD0E65B4687}.Debug|Any CPU.ActiveCfg = Debug|Any CPU
		{7D8ED410-7E3E-402E-AE37-2CD0E65B4687}.Debug|Any CPU.Build.0 = Debug|Any CPU
		{7D8ED410-7E3E-402E-AE37-2CD0E65B4687}.Release|Any CPU.ActiveCfg = Release|Any CPU
		{7D8ED410-7E3E-402E-AE37-2CD0E65B4687}.Release|Any CPU.Build.0 = Release|Any CPU
		{8A6CC23B-7BEB-429B-8D11-DFA6BC745724}.Debug|Any CPU.ActiveCfg = Debug|Any CPU
		{8A6CC23B-7BEB-429B-8D11-DFA6BC745724}.Debug|Any CPU.Build.0 = Debug|Any CPU
		{8A6CC23B-7BEB-429B-8D11-DFA6BC745724}.Release|Any CPU.ActiveCfg = Release|Any CPU
		{8A6CC23B-7BEB-429B-8D11-DFA6BC745724}.Release|Any CPU.Build.0 = Release|Any CPU
		{BE486199-63A4-4EDF-AA6F-AA4D20E0807C}.Debug|Any CPU.ActiveCfg = Debug|Any CPU
		{BE486199-63A4-4EDF-AA6F-AA4D20E0807C}.Debug|Any CPU.Build.0 = Debug|Any CPU
		{BE486199-63A4-4EDF-AA6F-AA4D20E0807C}.Release|Any CPU.ActiveCfg = Release|Any CPU
		{BE486199-63A4-4EDF-AA6F-AA4D20E0807C}.Release|Any CPU.Build.0 = Release|Any CPU
	EndGlobalSection
	GlobalSection(SolutionProperties) = preSolution
		HideSolutionNode = FALSE
	EndGlobalSection
EndGlobal
