
Microsoft Visual Studio Solution File, Format Version 12.00
# Visual Studio Express 2013 for Windows Desktop
VisualStudioVersion = 12.0.30723.0
MinimumVisualStudioVersion = 10.0.40219.1
Project("{FAE04EC0-301F-11D3-BF4B-00C04F79EFBC}") = "04.Hello-World", "01.Hello-World\04.Hello-World.csproj", "{52BE17AD-EFAB-4B87-8E10-71E558FCBD5A}"
EndProject
Project("{FAE04EC0-301F-11D3-BF4B-00C04F79EFBC}") = "05.PrintMyName", "05.PrintMyName\05.PrintMyName.csproj", "{268685B0-967E-4E83-BC2A-1C76378EFC4B}"
EndProject
Project("{FAE04EC0-301F-11D3-BF4B-00C04F79EFBC}") = "06.PrintNumbers", "06.PrintNumbers\06.PrintNumbers.csproj", "{9A1B573C-BE12-4C4B-94B6-065C6D0F1279}"
EndProject
Project("{FAE04EC0-301F-11D3-BF4B-00C04F79EFBC}") = "07.PrintFirstAndLastName", "07.PrintFirstAndLastName\07.PrintFirstAndLastName.csproj", "{D0F51E9D-84B6-4230-960B-2C925FBBBA89}"
EndProject
Project("{FAE04EC0-301F-11D3-BF4B-00C04F79EFBC}") = "08.FindSquareRoot", "08.FindSquareRoot\08.FindSquareRoot.csproj", "{A5B47BB8-C153-428A-9415-919901EE2E90}"
EndProject
Project("{FAE04EC0-301F-11D3-BF4B-00C04F79EFBC}") = "09.PrintASequence", "09.PrintASequence\09.PrintASequence.csproj", "{1A55AF27-5FE4-46FE-9C36-8C50F7899EF6}"
EndProject
Project("{FAE04EC0-301F-11D3-BF4B-00C04F79EFBC}") = "10.ReformatCode", "10.ReformatCode\10.ReformatCode.csproj", "{062261E3-7B31-4C3E-8EFB-617EF6EA0A9E}"
EndProject
Project("{FAE04EC0-301F-11D3-BF4B-00C04F79EFBC}") = "14.CurrentDateAndTime", "14.CurrentDateAndTime\14.CurrentDateAndTime.csproj", "{779162A0-8856-4CA1-9388-0AB168C638CD}"
EndProject
Project("{FAE04EC0-301F-11D3-BF4B-00C04F79EFBC}") = "15.AgeAfterTenYears", "15.AgeAfterTenYears\15.AgeAfterTenYears.csproj", "{DD6F2DE5-27E1-4ED0-A3F1-01AB94087369}"
EndProject
Project("{FAE04EC0-301F-11D3-BF4B-00C04F79EFBC}") = "16.PrintLongSequence", "16.PrintLongSequence\16.PrintLongSequence.csproj", "{18D6DEBF-F08F-47F3-AB9D-BDF4484802E1}"
EndProject
Global
	GlobalSection(SolutionConfigurationPlatforms) = preSolution
		Debug|Any CPU = Debug|Any CPU
		Release|Any CPU = Release|Any CPU
	EndGlobalSection
	GlobalSection(ProjectConfigurationPlatforms) = postSolution
		{52BE17AD-EFAB-4B87-8E10-71E558FCBD5A}.Debug|Any CPU.ActiveCfg = Debug|Any CPU
		{52BE17AD-EFAB-4B87-8E10-71E558FCBD5A}.Debug|Any CPU.Build.0 = Debug|Any CPU
		{52BE17AD-EFAB-4B87-8E10-71E558FCBD5A}.Release|Any CPU.ActiveCfg = Release|Any CPU
		{52BE17AD-EFAB-4B87-8E10-71E558FCBD5A}.Release|Any CPU.Build.0 = Release|Any CPU
		{268685B0-967E-4E83-BC2A-1C76378EFC4B}.Debug|Any CPU.ActiveCfg = Debug|Any CPU
		{268685B0-967E-4E83-BC2A-1C76378EFC4B}.Debug|Any CPU.Build.0 = Debug|Any CPU
		{268685B0-967E-4E83-BC2A-1C76378EFC4B}.Release|Any CPU.ActiveCfg = Release|Any CPU
		{268685B0-967E-4E83-BC2A-1C76378EFC4B}.Release|Any CPU.Build.0 = Release|Any CPU
		{9A1B573C-BE12-4C4B-94B6-065C6D0F1279}.Debug|Any CPU.ActiveCfg = Debug|Any CPU
		{9A1B573C-BE12-4C4B-94B6-065C6D0F1279}.Debug|Any CPU.Build.0 = Debug|Any CPU
		{9A1B573C-BE12-4C4B-94B6-065C6D0F1279}.Release|Any CPU.ActiveCfg = Release|Any CPU
		{9A1B573C-BE12-4C4B-94B6-065C6D0F1279}.Release|Any CPU.Build.0 = Release|Any CPU
		{D0F51E9D-84B6-4230-960B-2C925FBBBA89}.Debug|Any CPU.ActiveCfg = Debug|Any CPU
		{D0F51E9D-84B6-4230-960B-2C925FBBBA89}.Debug|Any CPU.Build.0 = Debug|Any CPU
		{D0F51E9D-84B6-4230-960B-2C925FBBBA89}.Release|Any CPU.ActiveCfg = Release|Any CPU
		{D0F51E9D-84B6-4230-960B-2C925FBBBA89}.Release|Any CPU.Build.0 = Release|Any CPU
		{A5B47BB8-C153-428A-9415-919901EE2E90}.Debug|Any CPU.ActiveCfg = Debug|Any CPU
		{A5B47BB8-C153-428A-9415-919901EE2E90}.Debug|Any CPU.Build.0 = Debug|Any CPU
		{A5B47BB8-C153-428A-9415-919901EE2E90}.Release|Any CPU.ActiveCfg = Release|Any CPU
		{A5B47BB8-C153-428A-9415-919901EE2E90}.Release|Any CPU.Build.0 = Release|Any CPU
		{1A55AF27-5FE4-46FE-9C36-8C50F7899EF6}.Debug|Any CPU.ActiveCfg = Debug|Any CPU
		{1A55AF27-5FE4-46FE-9C36-8C50F7899EF6}.Debug|Any CPU.Build.0 = Debug|Any CPU
		{1A55AF27-5FE4-46FE-9C36-8C50F7899EF6}.Release|Any CPU.ActiveCfg = Release|Any CPU
		{1A55AF27-5FE4-46FE-9C36-8C50F7899EF6}.Release|Any CPU.Build.0 = Release|Any CPU
		{062261E3-7B31-4C3E-8EFB-617EF6EA0A9E}.Debug|Any CPU.ActiveCfg = Debug|Any CPU
		{062261E3-7B31-4C3E-8EFB-617EF6EA0A9E}.Debug|Any CPU.Build.0 = Debug|Any CPU
		{062261E3-7B31-4C3E-8EFB-617EF6EA0A9E}.Release|Any CPU.ActiveCfg = Release|Any CPU
		{062261E3-7B31-4C3E-8EFB-617EF6EA0A9E}.Release|Any CPU.Build.0 = Release|Any CPU
		{779162A0-8856-4CA1-9388-0AB168C638CD}.Debug|Any CPU.ActiveCfg = Debug|Any CPU
		{779162A0-8856-4CA1-9388-0AB168C638CD}.Debug|Any CPU.Build.0 = Debug|Any CPU
		{779162A0-8856-4CA1-9388-0AB168C638CD}.Release|Any CPU.ActiveCfg = Release|Any CPU
		{779162A0-8856-4CA1-9388-0AB168C638CD}.Release|Any CPU.Build.0 = Release|Any CPU
		{DD6F2DE5-27E1-4ED0-A3F1-01AB94087369}.Debug|Any CPU.ActiveCfg = Debug|Any CPU
		{DD6F2DE5-27E1-4ED0-A3F1-01AB94087369}.Debug|Any CPU.Build.0 = Debug|Any CPU
		{DD6F2DE5-27E1-4ED0-A3F1-01AB94087369}.Release|Any CPU.ActiveCfg = Release|Any CPU
		{DD6F2DE5-27E1-4ED0-A3F1-01AB94087369}.Release|Any CPU.Build.0 = Release|Any CPU
		{18D6DEBF-F08F-47F3-AB9D-BDF4484802E1}.Debug|Any CPU.ActiveCfg = Debug|Any CPU
		{18D6DEBF-F08F-47F3-AB9D-BDF4484802E1}.Debug|Any CPU.Build.0 = Debug|Any CPU
		{18D6DEBF-F08F-47F3-AB9D-BDF4484802E1}.Release|Any CPU.ActiveCfg = Release|Any CPU
		{18D6DEBF-F08F-47F3-AB9D-BDF4484802E1}.Release|Any CPU.Build.0 = Release|Any CPU
	EndGlobalSection
	GlobalSection(SolutionProperties) = preSolution
		HideSolutionNode = FALSE
	EndGlobalSection
EndGlobal
