
Microsoft Visual Studio Solution File, Format Version 12.00
# Visual Studio 14
VisualStudioVersion = 14.0.24720.0
MinimumVisualStudioVersion = 10.0.40219.1
Project("{FAE04EC0-301F-11D3-BF4B-00C04F79EFBC}") = "CarSearching", "CarSearching\CarSearching.csproj", "{6A68A561-A401-45E3-AE39-DB18480A574F}"
EndProject
Project("{FAE04EC0-301F-11D3-BF4B-00C04F79EFBC}") = "EmployeesTwoPages", "EmployeesTwoPages\EmployeesTwoPages.csproj", "{C195FA7A-D138-411D-855E-BA6DD43DD8F5}"
EndProject
Project("{FAE04EC0-301F-11D3-BF4B-00C04F79EFBC}") = "EmployeesSinglePage", "EmployeesSinglePage\EmployeesSinglePage.csproj", "{5417F53F-0BB2-45A3-965C-6C460A2756D6}"
EndProject
Project("{FAE04EC0-301F-11D3-BF4B-00C04F79EFBC}") = "EmployeesTable", "EmployeesTable\EmployeesTable.csproj", "{CD95D936-A683-4B38-9673-00E3C432CEB1}"
EndProject
Project("{FAE04EC0-301F-11D3-BF4B-00C04F79EFBC}") = "DataBinding.Data", "DataBinding.Data\DataBinding.Data.csproj", "{0266EE22-EE0C-4D04-B429-F95BC1E1B3B9}"
EndProject
Project("{FAE04EC0-301F-11D3-BF4B-00C04F79EFBC}") = "EmployeesListView", "EmployeesListView\EmployeesListView.csproj", "{EFD7DBB1-0BB6-4823-9DA8-B1183553CF79}"
EndProject
Project("{FAE04EC0-301F-11D3-BF4B-00C04F79EFBC}") = "XmlTreeView", "XmlTreeView\XmlTreeView.csproj", "{A6290CD5-BCA1-4694-8274-9FB9157BE045}"
EndProject
Project("{FAE04EC0-301F-11D3-BF4B-00C04F79EFBC}") = "TheLastTableOfEmployees", "TheLastTableOfEmployees\TheLastTableOfEmployees.csproj", "{0792135C-A74B-4820-9392-809FE51E2FD1}"
EndProject
Global
	GlobalSection(SolutionConfigurationPlatforms) = preSolution
		Debug|Any CPU = Debug|Any CPU
		Release|Any CPU = Release|Any CPU
	EndGlobalSection
	GlobalSection(ProjectConfigurationPlatforms) = postSolution
		{6A68A561-A401-45E3-AE39-DB18480A574F}.Debug|Any CPU.ActiveCfg = Debug|Any CPU
		{6A68A561-A401-45E3-AE39-DB18480A574F}.Debug|Any CPU.Build.0 = Debug|Any CPU
		{6A68A561-A401-45E3-AE39-DB18480A574F}.Release|Any CPU.ActiveCfg = Release|Any CPU
		{6A68A561-A401-45E3-AE39-DB18480A574F}.Release|Any CPU.Build.0 = Release|Any CPU
		{C195FA7A-D138-411D-855E-BA6DD43DD8F5}.Debug|Any CPU.ActiveCfg = Debug|Any CPU
		{C195FA7A-D138-411D-855E-BA6DD43DD8F5}.Debug|Any CPU.Build.0 = Debug|Any CPU
		{C195FA7A-D138-411D-855E-BA6DD43DD8F5}.Release|Any CPU.ActiveCfg = Release|Any CPU
		{C195FA7A-D138-411D-855E-BA6DD43DD8F5}.Release|Any CPU.Build.0 = Release|Any CPU
		{5417F53F-0BB2-45A3-965C-6C460A2756D6}.Debug|Any CPU.ActiveCfg = Debug|Any CPU
		{5417F53F-0BB2-45A3-965C-6C460A2756D6}.Debug|Any CPU.Build.0 = Debug|Any CPU
		{5417F53F-0BB2-45A3-965C-6C460A2756D6}.Release|Any CPU.ActiveCfg = Release|Any CPU
		{5417F53F-0BB2-45A3-965C-6C460A2756D6}.Release|Any CPU.Build.0 = Release|Any CPU
		{CD95D936-A683-4B38-9673-00E3C432CEB1}.Debug|Any CPU.ActiveCfg = Debug|Any CPU
		{CD95D936-A683-4B38-9673-00E3C432CEB1}.Debug|Any CPU.Build.0 = Debug|Any CPU
		{CD95D936-A683-4B38-9673-00E3C432CEB1}.Release|Any CPU.ActiveCfg = Release|Any CPU
		{CD95D936-A683-4B38-9673-00E3C432CEB1}.Release|Any CPU.Build.0 = Release|Any CPU
		{0266EE22-EE0C-4D04-B429-F95BC1E1B3B9}.Debug|Any CPU.ActiveCfg = Debug|Any CPU
		{0266EE22-EE0C-4D04-B429-F95BC1E1B3B9}.Debug|Any CPU.Build.0 = Debug|Any CPU
		{0266EE22-EE0C-4D04-B429-F95BC1E1B3B9}.Release|Any CPU.ActiveCfg = Release|Any CPU
		{0266EE22-EE0C-4D04-B429-F95BC1E1B3B9}.Release|Any CPU.Build.0 = Release|Any CPU
		{EFD7DBB1-0BB6-4823-9DA8-B1183553CF79}.Debug|Any CPU.ActiveCfg = Debug|Any CPU
		{EFD7DBB1-0BB6-4823-9DA8-B1183553CF79}.Debug|Any CPU.Build.0 = Debug|Any CPU
		{EFD7DBB1-0BB6-4823-9DA8-B1183553CF79}.Release|Any CPU.ActiveCfg = Release|Any CPU
		{EFD7DBB1-0BB6-4823-9DA8-B1183553CF79}.Release|Any CPU.Build.0 = Release|Any CPU
		{A6290CD5-BCA1-4694-8274-9FB9157BE045}.Debug|Any CPU.ActiveCfg = Debug|Any CPU
		{A6290CD5-BCA1-4694-8274-9FB9157BE045}.Debug|Any CPU.Build.0 = Debug|Any CPU
		{A6290CD5-BCA1-4694-8274-9FB9157BE045}.Release|Any CPU.ActiveCfg = Release|Any CPU
		{A6290CD5-BCA1-4694-8274-9FB9157BE045}.Release|Any CPU.Build.0 = Release|Any CPU
		{0792135C-A74B-4820-9392-809FE51E2FD1}.Debug|Any CPU.ActiveCfg = Debug|Any CPU
		{0792135C-A74B-4820-9392-809FE51E2FD1}.Debug|Any CPU.Build.0 = Debug|Any CPU
		{0792135C-A74B-4820-9392-809FE51E2FD1}.Release|Any CPU.ActiveCfg = Release|Any CPU
		{0792135C-A74B-4820-9392-809FE51E2FD1}.Release|Any CPU.Build.0 = Release|Any CPU
	EndGlobalSection
	GlobalSection(SolutionProperties) = preSolution
		HideSolutionNode = FALSE
	EndGlobalSection
EndGlobal
